# @generated by Move, please check-in and do not edit manually.

[move]
version = 2
manifest_digest = "A27775F4C4D738E627EDD90338DCB9BDF831AEAB84911BE9519C15CCE74F3644"
deps_digest = "F8BBB0CCB2491CA29A3DF03D6F92277A4F3574266507ACD77214D37ECA3F3082"
dependencies = [
  { name = "Sui" },
]

[[move.package]]
name = "MoveStdlib"
source = { git = "https://github.com/MystenLabs/sui.git", rev = "framework/testnet", subdir = "crates/sui-framework/packages/move-stdlib" }

[[move.package]]
name = "Sui"
source = { git = "https://github.com/MystenLabs/sui.git", rev = "framework/testnet", subdir = "crates/sui-framework/packages/sui-framework" }

dependencies = [
  { name = "MoveStdlib" },
]

[move.toolchain-version]
compiler-version = "1.25.1"
edition = "2024.beta"
flavor = "sui"

[env]

[env.testnet]
chain-id = "4c78adac"
original-published-id = "0x128750275526d245eb6b57eeef51f50e2c0eaae41e74acd52a63ae4604edfdbd"
latest-published-id = "0x128750275526d245eb6b57eeef51f50e2c0eaae41e74acd52a63ae4604edfdbd"
published-version = "1"
