# @generated by Move, please check-in and do not edit manually.

[move]
version = 2
manifest_digest = "6B4242C29891AC34AB4A89DF780EF06B364BC243EC53788AE9ECF165868DCEFE"
deps_digest = "F8BBB0CCB2491CA29A3DF03D6F92277A4F3574266507ACD77214D37ECA3F3082"
dependencies = [
  { name = "Sui" },
]

[[move.package]]
name = "MoveStdlib"
source = { git = "https://github.com/MystenLabs/sui.git", rev = "framework/testnet", subdir = "crates/sui-framework/packages/move-stdlib" }

[[move.package]]
name = "Sui"
source = { git = "https://github.com/MystenLabs/sui.git", rev = "framework/testnet", subdir = "crates/sui-framework/packages/sui-framework" }

dependencies = [
  { name = "MoveStdlib" },
]

[move.toolchain-version]
compiler-version = "1.25.1"
edition = "2024.beta"
flavor = "sui"

[env]

[env.testnet]
chain-id = "4c78adac"
original-published-id = "0x74160e8d5b214fda1d11129b93a0b56a1b7ca3d37dc847863d0b660ab90f6017"
latest-published-id = "0x74160e8d5b214fda1d11129b93a0b56a1b7ca3d37dc847863d0b660ab90f6017"
published-version = "1"
